
Microsoft Visual Studio Solution File, Format Version 12.00
# Visual Studio Version 17
VisualStudioVersion = 17.10.35013.160
MinimumVisualStudioVersion = 10.0.40219.1
Project("{FAE04EC0-301F-11D3-BF4B-00C04F79EFBC}") = "Зад_4", "Зад_4.csproj", "{24BC2D3A-D2C1-467B-B0BE-7BC5E2E82CD0}"
EndProject
Global
	GlobalSection(SolutionConfigurationPlatforms) = preSolution
		Debug|Any CPU = Debug|Any CPU
		Release|Any CPU = Release|Any CPU
	EndGlobalSection
	GlobalSection(ProjectConfigurationPlatforms) = postSolution
		{24BC2D3A-D2C1-467B-B0BE-7BC5E2E82CD0}.Debug|Any CPU.ActiveCfg = Debug|Any CPU
		{24BC2D3A-D2C1-467B-B0BE-7BC5E2E82CD0}.Debug|Any CPU.Build.0 = Debug|Any CPU
		{24BC2D3A-D2C1-467B-B0BE-7BC5E2E82CD0}.Release|Any CPU.ActiveCfg = Release|Any CPU
		{24BC2D3A-D2C1-467B-B0BE-7BC5E2E82CD0}.Release|Any CPU.Build.0 = Release|Any CPU
	EndGlobalSection
	GlobalSection(SolutionProperties) = preSolution
		HideSolutionNode = FALSE
	EndGlobalSection
	GlobalSection(ExtensibilityGlobals) = postSolution
		SolutionGuid = {46A34DFC-7B0F-47E7-B20C-68645BE92780}
	EndGlobalSection
EndGlobal
